
Microsoft Visual Studio Solution File, Format Version 12.00
# Visual Studio 15
VisualStudioVersion = 15.0.27703.2042
MinimumVisualStudioVersion = 10.0.40219.1
Project("{FAE04EC0-301F-11D3-BF4B-00C04F79EFBC}") = "Chat.Shared.Responses", "..\Chat.Shared\Chat.Shared.Responses\Chat.Shared.Responses.csproj", "{C0B3763F-B271-4016-AD21-E15D2675312B}"
EndProject
Project("{FAE04EC0-301F-11D3-BF4B-00C04F79EFBC}") = "Chat.Shared.Models", "..\Chat.Shared\Chat.Shared.Models\Chat.Shared.Models.csproj", "{0AC4A6A9-832F-482F-AEAE-3BBD630E0A19}"
EndProject
Project("{FAE04EC0-301F-11D3-BF4B-00C04F79EFBC}") = "Chat.Server", "Chat.Server\Chat.Server.csproj", "{03B19881-41AF-476D-8B8E-98E67DA5EA84}"
EndProject
Project("{FAE04EC0-301F-11D3-BF4B-00C04F79EFBC}") = "Chat.Server.DataAccess", "Chat.Server.DataAccess\Chat.Server.DataAccess.csproj", "{FF614404-0FEE-4A8C-9E8A-47E9F04F5CAC}"
EndProject
Project("{FAE04EC0-301F-11D3-BF4B-00C04F79EFBC}") = "Chat.Server.Texts", "Chat.Server.Texts\Chat.Server.Texts.csproj", "{D306E3DF-CF05-46CD-8039-EDBDA8256C39}"
EndProject
Global
	GlobalSection(SolutionConfigurationPlatforms) = preSolution
		Debug|Any CPU = Debug|Any CPU
		Release|Any CPU = Release|Any CPU
	EndGlobalSection
	GlobalSection(ProjectConfigurationPlatforms) = postSolution
		{C0B3763F-B271-4016-AD21-E15D2675312B}.Debug|Any CPU.ActiveCfg = Debug|Any CPU
		{C0B3763F-B271-4016-AD21-E15D2675312B}.Debug|Any CPU.Build.0 = Debug|Any CPU
		{C0B3763F-B271-4016-AD21-E15D2675312B}.Release|Any CPU.ActiveCfg = Release|Any CPU
		{C0B3763F-B271-4016-AD21-E15D2675312B}.Release|Any CPU.Build.0 = Release|Any CPU
		{0AC4A6A9-832F-482F-AEAE-3BBD630E0A19}.Debug|Any CPU.ActiveCfg = Debug|Any CPU
		{0AC4A6A9-832F-482F-AEAE-3BBD630E0A19}.Debug|Any CPU.Build.0 = Debug|Any CPU
		{0AC4A6A9-832F-482F-AEAE-3BBD630E0A19}.Release|Any CPU.ActiveCfg = Release|Any CPU
		{0AC4A6A9-832F-482F-AEAE-3BBD630E0A19}.Release|Any CPU.Build.0 = Release|Any CPU
		{03B19881-41AF-476D-8B8E-98E67DA5EA84}.Debug|Any CPU.ActiveCfg = Debug|Any CPU
		{03B19881-41AF-476D-8B8E-98E67DA5EA84}.Debug|Any CPU.Build.0 = Debug|Any CPU
		{03B19881-41AF-476D-8B8E-98E67DA5EA84}.Release|Any CPU.ActiveCfg = Release|Any CPU
		{03B19881-41AF-476D-8B8E-98E67DA5EA84}.Release|Any CPU.Build.0 = Release|Any CPU
		{FF614404-0FEE-4A8C-9E8A-47E9F04F5CAC}.Debug|Any CPU.ActiveCfg = Debug|Any CPU
		{FF614404-0FEE-4A8C-9E8A-47E9F04F5CAC}.Debug|Any CPU.Build.0 = Debug|Any CPU
		{FF614404-0FEE-4A8C-9E8A-47E9F04F5CAC}.Release|Any CPU.ActiveCfg = Release|Any CPU
		{FF614404-0FEE-4A8C-9E8A-47E9F04F5CAC}.Release|Any CPU.Build.0 = Release|Any CPU
		{D306E3DF-CF05-46CD-8039-EDBDA8256C39}.Debug|Any CPU.ActiveCfg = Debug|Any CPU
		{D306E3DF-CF05-46CD-8039-EDBDA8256C39}.Debug|Any CPU.Build.0 = Debug|Any CPU
		{D306E3DF-CF05-46CD-8039-EDBDA8256C39}.Release|Any CPU.ActiveCfg = Release|Any CPU
		{D306E3DF-CF05-46CD-8039-EDBDA8256C39}.Release|Any CPU.Build.0 = Release|Any CPU
	EndGlobalSection
	GlobalSection(SolutionProperties) = preSolution
		HideSolutionNode = FALSE
	EndGlobalSection
	GlobalSection(ExtensibilityGlobals) = postSolution
		SolutionGuid = {F4E92576-5832-4F75-95EA-E0ACC94048A3}
	EndGlobalSection
EndGlobal
